{
	"name": "js-framework-benchmark-rx-angular-global",
	"version": "0.0.0",
	"lockfileVersion": 1,
	"dependencies": {
		"@angular/core": {
			"version": "11.0.9",
			"resolved": "https://registry.npmjs.org/@angular/core/-/core-11.0.9.tgz",
			"integrity": "sha512-J0ff3UK2Cw7Z0eNLtUXrpMFvmmkvPPZWLYIwimyc1pZys7qsIVT6cy2ybGEOhbJgC6qt3fo0DoJV3pGXTalb8A==",
			"requires": {
				"tslib": "^2.0.0"
			}
		}
	}
}
